
Microsoft Visual Studio Solution File, Format Version 12.00
# Visual Studio Version 17
VisualStudioVersion = 17.0.31903.59
MinimumVisualStudioVersion = 10.0.40219.1
Project("{9A19103F-16F7-4668-BE54-9A1E7A4F7556}") = "Metapsi.Runtime", "..\metapsi\Metapsi.Runtime\Metapsi.Runtime.csproj", "{1A64A337-03AF-45ED-B6F0-5E25DD6BB9F7}"
EndProject
Project("{9A19103F-16F7-4668-BE54-9A1E7A4F7556}") = "Metapsi.Web", "..\metapsi\Metapsi.Web\Metapsi.Web.csproj", "{2498E787-61D6-46B8-9001-AEEBB6EE7530}"
EndProject
Project("{9A19103F-16F7-4668-BE54-9A1E7A4F7556}") = "Metapsi.SQLite", "..\metapsi\Metapsi.Sqlite\Metapsi.SQLite.csproj", "{18ECC5F4-507F-40E5-9C2E-AEAB1DDC551A}"
EndProject
Project("{9A19103F-16F7-4668-BE54-9A1E7A4F7556}") = "Metapsi.Redis", "..\metapsi\Metapsi.Redis\Metapsi.Redis.csproj", "{5890CB33-F292-421E-A81B-44C9C83A2E2E}"
EndProject
Project("{9A19103F-16F7-4668-BE54-9A1E7A4F7556}") = "MdsCommon.Direct", "MdsCommon\MdsCommon.Direct.csproj", "{02F44286-53FD-46C9-B33C-A2E76C67A254}"
EndProject
Project("{9A19103F-16F7-4668-BE54-9A1E7A4F7556}") = "MdsCommon.DataModel.Direct", "MdsCommon.DataModel\MdsCommon.DataModel.Direct.csproj", "{859034B4-100E-4C9F-95EF-634589C6ED12}"
EndProject
Project("{9A19103F-16F7-4668-BE54-9A1E7A4F7556}") = "Metapsi.Hyperapp", "..\metapsi\Metapsi.Hyperapp\Metapsi.Hyperapp.csproj", "{08CF1142-97E2-4AB8-BF2B-92D6212FBC44}"
EndProject
Project("{9A19103F-16F7-4668-BE54-9A1E7A4F7556}") = "MdsCommon.Db.Direct", "MdsCommon.Db\MdsCommon.Db.Direct.csproj", "{CE2916CF-52F5-4AD7-86AC-257E5F12281E}"
EndProject
Project("{9A19103F-16F7-4668-BE54-9A1E7A4F7556}") = "MdsBuildManager.Direct", "MdsBuildManager\MdsBuildManager.Direct.csproj", "{BE1E4321-8D9C-437E-8520-28FE2E42007E}"
EndProject
Project("{9A19103F-16F7-4668-BE54-9A1E7A4F7556}") = "Metapsi.Module", "..\metapsi\Metapsi.Module\Metapsi.Module.csproj", "{96207CF1-5709-4786-B4A3-7DE46BC8FEAF}"
EndProject
Project("{9A19103F-16F7-4668-BE54-9A1E7A4F7556}") = "MdsCommon.Render.Direct", "MdsCommon.Render\MdsCommon.Render.Direct.csproj", "{D2BFE750-054A-48E0-9433-32EDB1606087}"
EndProject
Project("{9A19103F-16F7-4668-BE54-9A1E7A4F7556}") = "MdsLocal.DataModel.Direct", "MdsLocal.DataModel\MdsLocal.DataModel.Direct.csproj", "{0DD3613A-A66C-47DC-B4E8-D7DD5C928AF8}"
EndProject
Project("{9A19103F-16F7-4668-BE54-9A1E7A4F7556}") = "Metapsi.Ui", "..\metapsi\Metapsi.Ui\Metapsi.Ui.csproj", "{DFEC28E2-FB5E-4A0F-A331-36D5D30A335A}"
EndProject
Project("{9A19103F-16F7-4668-BE54-9A1E7A4F7556}") = "Metapsi.JavaScript", "..\metapsi\Metapsi.JavaScript\Metapsi.JavaScript.csproj", "{A1A5A40F-5C37-4C1C-8130-1CE8DB7CB3E3}"
EndProject
Project("{9A19103F-16F7-4668-BE54-9A1E7A4F7556}") = "MdsInfrastructure.Direct", "MdsInfrastructure\MdsInfrastructure.Direct.csproj", "{57AEFF88-D49C-4E1D-91CD-8879B4796F0D}"
EndProject
Project("{9A19103F-16F7-4668-BE54-9A1E7A4F7556}") = "MdsInfrastructure.DataModel.Direct", "MdsInfrastructure.DataModel\MdsInfrastructure.DataModel.Direct.csproj", "{CF1DA6F7-A7DA-43D9-A5C1-7EA56FABCC75}"
EndProject
Project("{9A19103F-16F7-4668-BE54-9A1E7A4F7556}") = "MdsInfrastructure.Db.Direct", "MdsInfrastructure.Db\MdsInfrastructure.Db.Direct.csproj", "{3E9D2E7E-1041-4722-9DB5-A36E747C6EE6}"
EndProject
Project("{9A19103F-16F7-4668-BE54-9A1E7A4F7556}") = "MdsInfrastructure.Render.Direct", "MdsInfrastructure.Render\MdsInfrastructure.Render.Direct.csproj", "{B1807570-11C5-40C9-A612-1584E9C895E4}"
EndProject
Project("{9A19103F-16F7-4668-BE54-9A1E7A4F7556}") = "MdsInfrastructure.Flow.Direct", "MdsInfrastructure.Flow\MdsInfrastructure.Flow.Direct.csproj", "{2E0CE3CF-7DE5-439A-B241-EDBC7BC8B36D}"
EndProject
Project("{9A19103F-16F7-4668-BE54-9A1E7A4F7556}") = "Metapsi.Heroicons", "..\metapsi\Metapsi.Heroicons\Metapsi.Heroicons.csproj", "{F7AC2E90-A7A7-4A67-BC9C-590FDCDD6CEB}"
EndProject
Project("{9A19103F-16F7-4668-BE54-9A1E7A4F7556}") = "Metapsi.Dom", "..\metapsi\Metapsi.Dom\Metapsi.Dom.csproj", "{C6F333AF-789F-4F12-9DF6-D19913DC1F78}"
EndProject
Project("{9A19103F-16F7-4668-BE54-9A1E7A4F7556}") = "Metapsi.Shoelace", "..\metapsi\Metapsi.Shoelace\Metapsi.Shoelace.csproj", "{94973F02-F660-4797-BC68-35A152345B0A}"
EndProject
Project("{9A19103F-16F7-4668-BE54-9A1E7A4F7556}") = "Metapsi.Messaging", "..\metapsi\Metapsi.Messaging\Metapsi.Messaging.csproj", "{AA576641-4B06-43A9-8F57-9DDCCA4607E0}"
EndProject
Project("{9A19103F-16F7-4668-BE54-9A1E7A4F7556}") = "Metapsi.Web.Contracts", "..\metapsi\Metapsi.Web.Contracts\Metapsi.Web.Contracts.csproj", "{6517832B-12DF-46F4-8751-77249D16118F}"
EndProject
Project("{9A19103F-16F7-4668-BE54-9A1E7A4F7556}") = "MdsCommon.Controls.Direct", "MdsCommon.Controls\MdsCommon.Controls.Direct.csproj", "{74F372B3-DF60-4E32-8B08-54067BD9F90B}"
EndProject
Project("{9A19103F-16F7-4668-BE54-9A1E7A4F7556}") = "Metapsi.HttpServer.Direct", "Metapsi.HttpServer\Metapsi.HttpServer.Direct.csproj", "{EAF38ADD-9ACB-4556-825D-4E3D26DACF59}"
EndProject
Project("{9A19103F-16F7-4668-BE54-9A1E7A4F7556}") = "Metapsi.Mds", "..\metapsi\Metapsi.Mds\Metapsi.Mds.csproj", "{90D35CAF-9EB9-4753-957A-947D4496EC04}"
EndProject
Project("{9A19103F-16F7-4668-BE54-9A1E7A4F7556}") = "Metapsi.Timer", "..\metapsi\Metapsi.Timer\Metapsi.Timer.csproj", "{1DA3D6AD-C415-41E4-9ED4-F716BD808008}"
EndProject
Project("{9A19103F-16F7-4668-BE54-9A1E7A4F7556}") = "Metapsi.Html", "..\metapsi\Metapsi.Html\Metapsi.Html.csproj", "{10DA671D-492D-408C-83AE-E0A17796E85C}"
EndProject
Project("{9A19103F-16F7-4668-BE54-9A1E7A4F7556}") = "Metapsi.TomSelect", "..\metapsi\Metapsi.TomSelect\Metapsi.TomSelect.csproj", "{FDBB6E19-10F3-4405-95AA-7BD4E30C7EF3}"
EndProject
Project("{9A19103F-16F7-4668-BE54-9A1E7A4F7556}") = "MdsLocal.Direct", "MdsLocal\MdsLocal.Direct.csproj", "{D9492594-7732-4449-BF89-1E23FB84104F}"
EndProject
Project("{9A19103F-16F7-4668-BE54-9A1E7A4F7556}") = "MdsLocal.Render.Direct", "MdsLocal.Render\MdsLocal.Render.Direct.csproj", "{1FD34E57-477E-40F3-88E1-8766054A3F92}"
EndProject
Global
	GlobalSection(SolutionConfigurationPlatforms) = preSolution
		Debug|Any CPU = Debug|Any CPU
		Release|Any CPU = Release|Any CPU
	EndGlobalSection
	GlobalSection(ProjectConfigurationPlatforms) = postSolution
		{1A64A337-03AF-45ED-B6F0-5E25DD6BB9F7}.Debug|Any CPU.ActiveCfg = Debug|Any CPU
		{1A64A337-03AF-45ED-B6F0-5E25DD6BB9F7}.Debug|Any CPU.Build.0 = Debug|Any CPU
		{1A64A337-03AF-45ED-B6F0-5E25DD6BB9F7}.Release|Any CPU.ActiveCfg = Release|Any CPU
		{1A64A337-03AF-45ED-B6F0-5E25DD6BB9F7}.Release|Any CPU.Build.0 = Release|Any CPU
		{2498E787-61D6-46B8-9001-AEEBB6EE7530}.Debug|Any CPU.ActiveCfg = Debug|Any CPU
		{2498E787-61D6-46B8-9001-AEEBB6EE7530}.Debug|Any CPU.Build.0 = Debug|Any CPU
		{2498E787-61D6-46B8-9001-AEEBB6EE7530}.Release|Any CPU.ActiveCfg = Release|Any CPU
		{2498E787-61D6-46B8-9001-AEEBB6EE7530}.Release|Any CPU.Build.0 = Release|Any CPU
		{18ECC5F4-507F-40E5-9C2E-AEAB1DDC551A}.Debug|Any CPU.ActiveCfg = Debug|Any CPU
		{18ECC5F4-507F-40E5-9C2E-AEAB1DDC551A}.Debug|Any CPU.Build.0 = Debug|Any CPU
		{18ECC5F4-507F-40E5-9C2E-AEAB1DDC551A}.Release|Any CPU.ActiveCfg = Release|Any CPU
		{18ECC5F4-507F-40E5-9C2E-AEAB1DDC551A}.Release|Any CPU.Build.0 = Release|Any CPU
		{5890CB33-F292-421E-A81B-44C9C83A2E2E}.Debug|Any CPU.ActiveCfg = Debug|Any CPU
		{5890CB33-F292-421E-A81B-44C9C83A2E2E}.Debug|Any CPU.Build.0 = Debug|Any CPU
		{5890CB33-F292-421E-A81B-44C9C83A2E2E}.Release|Any CPU.ActiveCfg = Release|Any CPU
		{5890CB33-F292-421E-A81B-44C9C83A2E2E}.Release|Any CPU.Build.0 = Release|Any CPU
		{02F44286-53FD-46C9-B33C-A2E76C67A254}.Debug|Any CPU.ActiveCfg = Debug|Any CPU
		{02F44286-53FD-46C9-B33C-A2E76C67A254}.Debug|Any CPU.Build.0 = Debug|Any CPU
		{02F44286-53FD-46C9-B33C-A2E76C67A254}.Release|Any CPU.ActiveCfg = Release|Any CPU
		{02F44286-53FD-46C9-B33C-A2E76C67A254}.Release|Any CPU.Build.0 = Release|Any CPU
		{859034B4-100E-4C9F-95EF-634589C6ED12}.Debug|Any CPU.ActiveCfg = Debug|Any CPU
		{859034B4-100E-4C9F-95EF-634589C6ED12}.Debug|Any CPU.Build.0 = Debug|Any CPU
		{859034B4-100E-4C9F-95EF-634589C6ED12}.Release|Any CPU.ActiveCfg = Release|Any CPU
		{859034B4-100E-4C9F-95EF-634589C6ED12}.Release|Any CPU.Build.0 = Release|Any CPU
		{08CF1142-97E2-4AB8-BF2B-92D6212FBC44}.Debug|Any CPU.ActiveCfg = Debug|Any CPU
		{08CF1142-97E2-4AB8-BF2B-92D6212FBC44}.Debug|Any CPU.Build.0 = Debug|Any CPU
		{08CF1142-97E2-4AB8-BF2B-92D6212FBC44}.Release|Any CPU.ActiveCfg = Release|Any CPU
		{08CF1142-97E2-4AB8-BF2B-92D6212FBC44}.Release|Any CPU.Build.0 = Release|Any CPU
		{CE2916CF-52F5-4AD7-86AC-257E5F12281E}.Debug|Any CPU.ActiveCfg = Debug|Any CPU
		{CE2916CF-52F5-4AD7-86AC-257E5F12281E}.Debug|Any CPU.Build.0 = Debug|Any CPU
		{CE2916CF-52F5-4AD7-86AC-257E5F12281E}.Release|Any CPU.ActiveCfg = Release|Any CPU
		{CE2916CF-52F5-4AD7-86AC-257E5F12281E}.Release|Any CPU.Build.0 = Release|Any CPU
		{BE1E4321-8D9C-437E-8520-28FE2E42007E}.Debug|Any CPU.ActiveCfg = Debug|Any CPU
		{BE1E4321-8D9C-437E-8520-28FE2E42007E}.Debug|Any CPU.Build.0 = Debug|Any CPU
		{BE1E4321-8D9C-437E-8520-28FE2E42007E}.Release|Any CPU.ActiveCfg = Release|Any CPU
		{BE1E4321-8D9C-437E-8520-28FE2E42007E}.Release|Any CPU.Build.0 = Release|Any CPU
		{96207CF1-5709-4786-B4A3-7DE46BC8FEAF}.Debug|Any CPU.ActiveCfg = Debug|Any CPU
		{96207CF1-5709-4786-B4A3-7DE46BC8FEAF}.Debug|Any CPU.Build.0 = Debug|Any CPU
		{96207CF1-5709-4786-B4A3-7DE46BC8FEAF}.Release|Any CPU.ActiveCfg = Release|Any CPU
		{96207CF1-5709-4786-B4A3-7DE46BC8FEAF}.Release|Any CPU.Build.0 = Release|Any CPU
		{D2BFE750-054A-48E0-9433-32EDB1606087}.Debug|Any CPU.ActiveCfg = Debug|Any CPU
		{D2BFE750-054A-48E0-9433-32EDB1606087}.Debug|Any CPU.Build.0 = Debug|Any CPU
		{D2BFE750-054A-48E0-9433-32EDB1606087}.Release|Any CPU.ActiveCfg = Release|Any CPU
		{D2BFE750-054A-48E0-9433-32EDB1606087}.Release|Any CPU.Build.0 = Release|Any CPU
		{0DD3613A-A66C-47DC-B4E8-D7DD5C928AF8}.Debug|Any CPU.ActiveCfg = Debug|Any CPU
		{0DD3613A-A66C-47DC-B4E8-D7DD5C928AF8}.Debug|Any CPU.Build.0 = Debug|Any CPU
		{0DD3613A-A66C-47DC-B4E8-D7DD5C928AF8}.Release|Any CPU.ActiveCfg = Release|Any CPU
		{0DD3613A-A66C-47DC-B4E8-D7DD5C928AF8}.Release|Any CPU.Build.0 = Release|Any CPU
		{DFEC28E2-FB5E-4A0F-A331-36D5D30A335A}.Debug|Any CPU.ActiveCfg = Debug|Any CPU
		{DFEC28E2-FB5E-4A0F-A331-36D5D30A335A}.Debug|Any CPU.Build.0 = Debug|Any CPU
		{DFEC28E2-FB5E-4A0F-A331-36D5D30A335A}.Release|Any CPU.ActiveCfg = Release|Any CPU
		{DFEC28E2-FB5E-4A0F-A331-36D5D30A335A}.Release|Any CPU.Build.0 = Release|Any CPU
		{A1A5A40F-5C37-4C1C-8130-1CE8DB7CB3E3}.Debug|Any CPU.ActiveCfg = Debug|Any CPU
		{A1A5A40F-5C37-4C1C-8130-1CE8DB7CB3E3}.Debug|Any CPU.Build.0 = Debug|Any CPU
		{A1A5A40F-5C37-4C1C-8130-1CE8DB7CB3E3}.Release|Any CPU.ActiveCfg = Release|Any CPU
		{A1A5A40F-5C37-4C1C-8130-1CE8DB7CB3E3}.Release|Any CPU.Build.0 = Release|Any CPU
		{57AEFF88-D49C-4E1D-91CD-8879B4796F0D}.Debug|Any CPU.ActiveCfg = Debug|Any CPU
		{57AEFF88-D49C-4E1D-91CD-8879B4796F0D}.Debug|Any CPU.Build.0 = Debug|Any CPU
		{57AEFF88-D49C-4E1D-91CD-8879B4796F0D}.Release|Any CPU.ActiveCfg = Release|Any CPU
		{57AEFF88-D49C-4E1D-91CD-8879B4796F0D}.Release|Any CPU.Build.0 = Release|Any CPU
		{CF1DA6F7-A7DA-43D9-A5C1-7EA56FABCC75}.Debug|Any CPU.ActiveCfg = Debug|Any CPU
		{CF1DA6F7-A7DA-43D9-A5C1-7EA56FABCC75}.Debug|Any CPU.Build.0 = Debug|Any CPU
		{CF1DA6F7-A7DA-43D9-A5C1-7EA56FABCC75}.Release|Any CPU.ActiveCfg = Release|Any CPU
		{CF1DA6F7-A7DA-43D9-A5C1-7EA56FABCC75}.Release|Any CPU.Build.0 = Release|Any CPU
		{3E9D2E7E-1041-4722-9DB5-A36E747C6EE6}.Debug|Any CPU.ActiveCfg = Debug|Any CPU
		{3E9D2E7E-1041-4722-9DB5-A36E747C6EE6}.Debug|Any CPU.Build.0 = Debug|Any CPU
		{3E9D2E7E-1041-4722-9DB5-A36E747C6EE6}.Release|Any CPU.ActiveCfg = Release|Any CPU
		{3E9D2E7E-1041-4722-9DB5-A36E747C6EE6}.Release|Any CPU.Build.0 = Release|Any CPU
		{B1807570-11C5-40C9-A612-1584E9C895E4}.Debug|Any CPU.ActiveCfg = Debug|Any CPU
		{B1807570-11C5-40C9-A612-1584E9C895E4}.Debug|Any CPU.Build.0 = Debug|Any CPU
		{B1807570-11C5-40C9-A612-1584E9C895E4}.Release|Any CPU.ActiveCfg = Release|Any CPU
		{B1807570-11C5-40C9-A612-1584E9C895E4}.Release|Any CPU.Build.0 = Release|Any CPU
		{2E0CE3CF-7DE5-439A-B241-EDBC7BC8B36D}.Debug|Any CPU.ActiveCfg = Debug|Any CPU
		{2E0CE3CF-7DE5-439A-B241-EDBC7BC8B36D}.Debug|Any CPU.Build.0 = Debug|Any CPU
		{2E0CE3CF-7DE5-439A-B241-EDBC7BC8B36D}.Release|Any CPU.ActiveCfg = Release|Any CPU
		{2E0CE3CF-7DE5-439A-B241-EDBC7BC8B36D}.Release|Any CPU.Build.0 = Release|Any CPU
		{F7AC2E90-A7A7-4A67-BC9C-590FDCDD6CEB}.Debug|Any CPU.ActiveCfg = Debug|Any CPU
		{F7AC2E90-A7A7-4A67-BC9C-590FDCDD6CEB}.Debug|Any CPU.Build.0 = Debug|Any CPU
		{F7AC2E90-A7A7-4A67-BC9C-590FDCDD6CEB}.Release|Any CPU.ActiveCfg = Release|Any CPU
		{F7AC2E90-A7A7-4A67-BC9C-590FDCDD6CEB}.Release|Any CPU.Build.0 = Release|Any CPU
		{C6F333AF-789F-4F12-9DF6-D19913DC1F78}.Debug|Any CPU.ActiveCfg = Debug|Any CPU
		{C6F333AF-789F-4F12-9DF6-D19913DC1F78}.Debug|Any CPU.Build.0 = Debug|Any CPU
		{C6F333AF-789F-4F12-9DF6-D19913DC1F78}.Release|Any CPU.ActiveCfg = Release|Any CPU
		{C6F333AF-789F-4F12-9DF6-D19913DC1F78}.Release|Any CPU.Build.0 = Release|Any CPU
		{94973F02-F660-4797-BC68-35A152345B0A}.Debug|Any CPU.ActiveCfg = Debug|Any CPU
		{94973F02-F660-4797-BC68-35A152345B0A}.Debug|Any CPU.Build.0 = Debug|Any CPU
		{94973F02-F660-4797-BC68-35A152345B0A}.Release|Any CPU.ActiveCfg = Release|Any CPU
		{94973F02-F660-4797-BC68-35A152345B0A}.Release|Any CPU.Build.0 = Release|Any CPU
		{AA576641-4B06-43A9-8F57-9DDCCA4607E0}.Debug|Any CPU.ActiveCfg = Debug|Any CPU
		{AA576641-4B06-43A9-8F57-9DDCCA4607E0}.Debug|Any CPU.Build.0 = Debug|Any CPU
		{AA576641-4B06-43A9-8F57-9DDCCA4607E0}.Release|Any CPU.ActiveCfg = Release|Any CPU
		{AA576641-4B06-43A9-8F57-9DDCCA4607E0}.Release|Any CPU.Build.0 = Release|Any CPU
		{6517832B-12DF-46F4-8751-77249D16118F}.Debug|Any CPU.ActiveCfg = Debug|Any CPU
		{6517832B-12DF-46F4-8751-77249D16118F}.Debug|Any CPU.Build.0 = Debug|Any CPU
		{6517832B-12DF-46F4-8751-77249D16118F}.Release|Any CPU.ActiveCfg = Release|Any CPU
		{6517832B-12DF-46F4-8751-77249D16118F}.Release|Any CPU.Build.0 = Release|Any CPU
		{74F372B3-DF60-4E32-8B08-54067BD9F90B}.Debug|Any CPU.ActiveCfg = Debug|Any CPU
		{74F372B3-DF60-4E32-8B08-54067BD9F90B}.Debug|Any CPU.Build.0 = Debug|Any CPU
		{74F372B3-DF60-4E32-8B08-54067BD9F90B}.Release|Any CPU.ActiveCfg = Release|Any CPU
		{74F372B3-DF60-4E32-8B08-54067BD9F90B}.Release|Any CPU.Build.0 = Release|Any CPU
		{EAF38ADD-9ACB-4556-825D-4E3D26DACF59}.Debug|Any CPU.ActiveCfg = Debug|Any CPU
		{EAF38ADD-9ACB-4556-825D-4E3D26DACF59}.Debug|Any CPU.Build.0 = Debug|Any CPU
		{EAF38ADD-9ACB-4556-825D-4E3D26DACF59}.Release|Any CPU.ActiveCfg = Release|Any CPU
		{EAF38ADD-9ACB-4556-825D-4E3D26DACF59}.Release|Any CPU.Build.0 = Release|Any CPU
		{90D35CAF-9EB9-4753-957A-947D4496EC04}.Debug|Any CPU.ActiveCfg = Debug|Any CPU
		{90D35CAF-9EB9-4753-957A-947D4496EC04}.Debug|Any CPU.Build.0 = Debug|Any CPU
		{90D35CAF-9EB9-4753-957A-947D4496EC04}.Release|Any CPU.ActiveCfg = Release|Any CPU
		{90D35CAF-9EB9-4753-957A-947D4496EC04}.Release|Any CPU.Build.0 = Release|Any CPU
		{1DA3D6AD-C415-41E4-9ED4-F716BD808008}.Debug|Any CPU.ActiveCfg = Debug|Any CPU
		{1DA3D6AD-C415-41E4-9ED4-F716BD808008}.Debug|Any CPU.Build.0 = Debug|Any CPU
		{1DA3D6AD-C415-41E4-9ED4-F716BD808008}.Release|Any CPU.ActiveCfg = Release|Any CPU
		{1DA3D6AD-C415-41E4-9ED4-F716BD808008}.Release|Any CPU.Build.0 = Release|Any CPU
		{10DA671D-492D-408C-83AE-E0A17796E85C}.Debug|Any CPU.ActiveCfg = Debug|Any CPU
		{10DA671D-492D-408C-83AE-E0A17796E85C}.Debug|Any CPU.Build.0 = Debug|Any CPU
		{10DA671D-492D-408C-83AE-E0A17796E85C}.Release|Any CPU.ActiveCfg = Release|Any CPU
		{10DA671D-492D-408C-83AE-E0A17796E85C}.Release|Any CPU.Build.0 = Release|Any CPU
		{FDBB6E19-10F3-4405-95AA-7BD4E30C7EF3}.Debug|Any CPU.ActiveCfg = Debug|Any CPU
		{FDBB6E19-10F3-4405-95AA-7BD4E30C7EF3}.Debug|Any CPU.Build.0 = Debug|Any CPU
		{FDBB6E19-10F3-4405-95AA-7BD4E30C7EF3}.Release|Any CPU.ActiveCfg = Release|Any CPU
		{FDBB6E19-10F3-4405-95AA-7BD4E30C7EF3}.Release|Any CPU.Build.0 = Release|Any CPU
		{D9492594-7732-4449-BF89-1E23FB84104F}.Debug|Any CPU.ActiveCfg = Debug|Any CPU
		{D9492594-7732-4449-BF89-1E23FB84104F}.Debug|Any CPU.Build.0 = Debug|Any CPU
		{D9492594-7732-4449-BF89-1E23FB84104F}.Release|Any CPU.ActiveCfg = Release|Any CPU
		{D9492594-7732-4449-BF89-1E23FB84104F}.Release|Any CPU.Build.0 = Release|Any CPU
		{1FD34E57-477E-40F3-88E1-8766054A3F92}.Debug|Any CPU.ActiveCfg = Debug|Any CPU
		{1FD34E57-477E-40F3-88E1-8766054A3F92}.Debug|Any CPU.Build.0 = Debug|Any CPU
		{1FD34E57-477E-40F3-88E1-8766054A3F92}.Release|Any CPU.ActiveCfg = Release|Any CPU
		{1FD34E57-477E-40F3-88E1-8766054A3F92}.Release|Any CPU.Build.0 = Release|Any CPU
	EndGlobalSection
	GlobalSection(SolutionProperties) = preSolution
		HideSolutionNode = FALSE
	EndGlobalSection
	GlobalSection(ExtensibilityGlobals) = postSolution
		SolutionGuid = {420B817B-13E0-4521-B73A-C1539372DCC6}
	EndGlobalSection
EndGlobal
