
Microsoft Visual Studio Solution File, Format Version 12.00
# Visual Studio Version 17
VisualStudioVersion = 17.0.31903.59
MinimumVisualStudioVersion = 10.0.40219.1
Project("{9A19103F-16F7-4668-BE54-9A1E7A4F7556}") = "MdsBuildManager", "MdsBuildManager\MdsBuildManager.csproj", "{694BCEFF-D796-481D-9675-FDA3939401EA}"
EndProject
Project("{9A19103F-16F7-4668-BE54-9A1E7A4F7556}") = "MdsCommon", "MdsCommon\MdsCommon.csproj", "{C406A1C6-AA64-4A89-943F-23B3E30859A2}"
EndProject
Project("{9A19103F-16F7-4668-BE54-9A1E7A4F7556}") = "Metapsi.Mds", "Metapsi.Mds\Metapsi.Mds.csproj", "{AC846EF5-08C4-45E0-9858-1A122245277B}"
EndProject
Project("{9A19103F-16F7-4668-BE54-9A1E7A4F7556}") = "MdsCommon.DataModel", "MdsCommon.DataModel\MdsCommon.DataModel.csproj", "{67BD9244-ADB8-44C0-B829-59CB928C5A9B}"
EndProject
Project("{9A19103F-16F7-4668-BE54-9A1E7A4F7556}") = "MdsCommon.Ui", "MdsCommon.Ui\MdsCommon.Ui.csproj", "{975E7D6D-517B-4793-8D65-38A04DF0A064}"
EndProject
Project("{9A19103F-16F7-4668-BE54-9A1E7A4F7556}") = "MdsCommon.Db", "MdsCommon.Db\MdsCommon.Db.csproj", "{B1DFF264-3527-4926-AB46-450C1C24AEE9}"
EndProject
Project("{9A19103F-16F7-4668-BE54-9A1E7A4F7556}") = "MdsInfrastructure", "MdsInfrastructure\MdsInfrastructure.csproj", "{8B462E43-728C-4718-A02F-2CFC6E7D28D6}"
EndProject
Project("{9A19103F-16F7-4668-BE54-9A1E7A4F7556}") = "Metapsi.HttpServer", "Metapsi.HttpServer\Metapsi.HttpServer.csproj", "{1A5E9102-F66E-452F-9BA5-E97FB762E7CE}"
EndProject
Project("{9A19103F-16F7-4668-BE54-9A1E7A4F7556}") = "MdsInfrastructure.DataModel", "MdsInfrastructure.DataModel\MdsInfrastructure.DataModel.csproj", "{DDE84B22-A874-4334-836C-760D409C83FE}"
EndProject
Project("{9A19103F-16F7-4668-BE54-9A1E7A4F7556}") = "MdsInfrastructure.Db", "MdsInfrastructure.Db\MdsInfrastructure.Db.csproj", "{CD3E3230-20C8-41D1-AB74-C7456A785613}"
EndProject
Project("{9A19103F-16F7-4668-BE54-9A1E7A4F7556}") = "MdsInfrastructure.Ui", "MdsInfrastructure.Ui\MdsInfrastructure.Ui.csproj", "{07042C94-80DC-4BC5-9A5D-BFA634071541}"
EndProject
Project("{9A19103F-16F7-4668-BE54-9A1E7A4F7556}") = "MdsLocal", "MdsLocal\MdsLocal.csproj", "{78A14C7C-E993-4147-8C3A-E29C4026A753}"
EndProject
Global
	GlobalSection(SolutionConfigurationPlatforms) = preSolution
		Debug|Any CPU = Debug|Any CPU
		Release|Any CPU = Release|Any CPU
	EndGlobalSection
	GlobalSection(ProjectConfigurationPlatforms) = postSolution
		{694BCEFF-D796-481D-9675-FDA3939401EA}.Debug|Any CPU.ActiveCfg = Debug|Any CPU
		{694BCEFF-D796-481D-9675-FDA3939401EA}.Debug|Any CPU.Build.0 = Debug|Any CPU
		{694BCEFF-D796-481D-9675-FDA3939401EA}.Release|Any CPU.ActiveCfg = Release|Any CPU
		{694BCEFF-D796-481D-9675-FDA3939401EA}.Release|Any CPU.Build.0 = Release|Any CPU
		{C406A1C6-AA64-4A89-943F-23B3E30859A2}.Debug|Any CPU.ActiveCfg = Debug|Any CPU
		{C406A1C6-AA64-4A89-943F-23B3E30859A2}.Debug|Any CPU.Build.0 = Debug|Any CPU
		{C406A1C6-AA64-4A89-943F-23B3E30859A2}.Release|Any CPU.ActiveCfg = Release|Any CPU
		{C406A1C6-AA64-4A89-943F-23B3E30859A2}.Release|Any CPU.Build.0 = Release|Any CPU
		{AC846EF5-08C4-45E0-9858-1A122245277B}.Debug|Any CPU.ActiveCfg = Debug|Any CPU
		{AC846EF5-08C4-45E0-9858-1A122245277B}.Debug|Any CPU.Build.0 = Debug|Any CPU
		{AC846EF5-08C4-45E0-9858-1A122245277B}.Release|Any CPU.ActiveCfg = Release|Any CPU
		{AC846EF5-08C4-45E0-9858-1A122245277B}.Release|Any CPU.Build.0 = Release|Any CPU
		{67BD9244-ADB8-44C0-B829-59CB928C5A9B}.Debug|Any CPU.ActiveCfg = Debug|Any CPU
		{67BD9244-ADB8-44C0-B829-59CB928C5A9B}.Debug|Any CPU.Build.0 = Debug|Any CPU
		{67BD9244-ADB8-44C0-B829-59CB928C5A9B}.Release|Any CPU.ActiveCfg = Release|Any CPU
		{67BD9244-ADB8-44C0-B829-59CB928C5A9B}.Release|Any CPU.Build.0 = Release|Any CPU
		{975E7D6D-517B-4793-8D65-38A04DF0A064}.Debug|Any CPU.ActiveCfg = Debug|Any CPU
		{975E7D6D-517B-4793-8D65-38A04DF0A064}.Debug|Any CPU.Build.0 = Debug|Any CPU
		{975E7D6D-517B-4793-8D65-38A04DF0A064}.Release|Any CPU.ActiveCfg = Release|Any CPU
		{975E7D6D-517B-4793-8D65-38A04DF0A064}.Release|Any CPU.Build.0 = Release|Any CPU
		{B1DFF264-3527-4926-AB46-450C1C24AEE9}.Debug|Any CPU.ActiveCfg = Debug|Any CPU
		{B1DFF264-3527-4926-AB46-450C1C24AEE9}.Debug|Any CPU.Build.0 = Debug|Any CPU
		{B1DFF264-3527-4926-AB46-450C1C24AEE9}.Release|Any CPU.ActiveCfg = Release|Any CPU
		{B1DFF264-3527-4926-AB46-450C1C24AEE9}.Release|Any CPU.Build.0 = Release|Any CPU
		{8B462E43-728C-4718-A02F-2CFC6E7D28D6}.Debug|Any CPU.ActiveCfg = Debug|Any CPU
		{8B462E43-728C-4718-A02F-2CFC6E7D28D6}.Debug|Any CPU.Build.0 = Debug|Any CPU
		{8B462E43-728C-4718-A02F-2CFC6E7D28D6}.Release|Any CPU.ActiveCfg = Release|Any CPU
		{8B462E43-728C-4718-A02F-2CFC6E7D28D6}.Release|Any CPU.Build.0 = Release|Any CPU
		{1A5E9102-F66E-452F-9BA5-E97FB762E7CE}.Debug|Any CPU.ActiveCfg = Debug|Any CPU
		{1A5E9102-F66E-452F-9BA5-E97FB762E7CE}.Debug|Any CPU.Build.0 = Debug|Any CPU
		{1A5E9102-F66E-452F-9BA5-E97FB762E7CE}.Release|Any CPU.ActiveCfg = Release|Any CPU
		{1A5E9102-F66E-452F-9BA5-E97FB762E7CE}.Release|Any CPU.Build.0 = Release|Any CPU
		{DDE84B22-A874-4334-836C-760D409C83FE}.Debug|Any CPU.ActiveCfg = Debug|Any CPU
		{DDE84B22-A874-4334-836C-760D409C83FE}.Debug|Any CPU.Build.0 = Debug|Any CPU
		{DDE84B22-A874-4334-836C-760D409C83FE}.Release|Any CPU.ActiveCfg = Release|Any CPU
		{DDE84B22-A874-4334-836C-760D409C83FE}.Release|Any CPU.Build.0 = Release|Any CPU
		{CD3E3230-20C8-41D1-AB74-C7456A785613}.Debug|Any CPU.ActiveCfg = Debug|Any CPU
		{CD3E3230-20C8-41D1-AB74-C7456A785613}.Debug|Any CPU.Build.0 = Debug|Any CPU
		{CD3E3230-20C8-41D1-AB74-C7456A785613}.Release|Any CPU.ActiveCfg = Release|Any CPU
		{CD3E3230-20C8-41D1-AB74-C7456A785613}.Release|Any CPU.Build.0 = Release|Any CPU
		{07042C94-80DC-4BC5-9A5D-BFA634071541}.Debug|Any CPU.ActiveCfg = Debug|Any CPU
		{07042C94-80DC-4BC5-9A5D-BFA634071541}.Debug|Any CPU.Build.0 = Debug|Any CPU
		{07042C94-80DC-4BC5-9A5D-BFA634071541}.Release|Any CPU.ActiveCfg = Release|Any CPU
		{07042C94-80DC-4BC5-9A5D-BFA634071541}.Release|Any CPU.Build.0 = Release|Any CPU
		{78A14C7C-E993-4147-8C3A-E29C4026A753}.Debug|Any CPU.ActiveCfg = Debug|Any CPU
		{78A14C7C-E993-4147-8C3A-E29C4026A753}.Debug|Any CPU.Build.0 = Debug|Any CPU
		{78A14C7C-E993-4147-8C3A-E29C4026A753}.Release|Any CPU.ActiveCfg = Release|Any CPU
		{78A14C7C-E993-4147-8C3A-E29C4026A753}.Release|Any CPU.Build.0 = Release|Any CPU
	EndGlobalSection
	GlobalSection(SolutionProperties) = preSolution
		HideSolutionNode = FALSE
	EndGlobalSection
	GlobalSection(ExtensibilityGlobals) = postSolution
		SolutionGuid = {C51A9CF0-6C8F-41CE-86E2-84868F07860C}
	EndGlobalSection
EndGlobal
