
Microsoft Visual Studio Solution File, Format Version 12.00
# Visual Studio Version 17
VisualStudioVersion = 17.0.31903.59
MinimumVisualStudioVersion = 10.0.40219.1
Project("{9A19103F-16F7-4668-BE54-9A1E7A4F7556}") = "MdsBuildManager", "..\MdsBuildManager\MdsBuildManager.csproj", "{3CE710F6-5349-4123-979B-E7FEFA88D3CE}"
EndProject
Project("{9A19103F-16F7-4668-BE54-9A1E7A4F7556}") = "MdsCommon", "..\MdsCommon\MdsCommon.csproj", "{D0630837-4896-4FCB-88BC-52E8A6CD2FCC}"
EndProject
Project("{9A19103F-16F7-4668-BE54-9A1E7A4F7556}") = "MdsCommon.Controls", "..\MdsCommon.Controls\MdsCommon.Controls.csproj", "{727E071D-1601-465C-8C8E-63CEACF658BE}"
EndProject
Project("{9A19103F-16F7-4668-BE54-9A1E7A4F7556}") = "MdsCommon.DataModel", "..\MdsCommon.DataModel\MdsCommon.DataModel.csproj", "{59174D6D-C572-4912-A8E6-B4319858CCB9}"
EndProject
Project("{9A19103F-16F7-4668-BE54-9A1E7A4F7556}") = "MdsCommon.Db", "..\MdsCommon.Db\MdsCommon.Db.csproj", "{7D0BF65B-B6B5-400D-BF55-756059C3BA96}"
EndProject
Project("{9A19103F-16F7-4668-BE54-9A1E7A4F7556}") = "MdsCommon.Render", "..\MdsCommon.Render\MdsCommon.Render.csproj", "{567ED707-EDBF-4409-9A9A-7440D8DC803F}"
EndProject
Project("{9A19103F-16F7-4668-BE54-9A1E7A4F7556}") = "MdsInfrastructure", "..\MdsInfrastructure\MdsInfrastructure.csproj", "{ECD3C0E3-D52F-4EBB-ADCC-10F2F733D7A5}"
EndProject
Project("{9A19103F-16F7-4668-BE54-9A1E7A4F7556}") = "MdsInfrastructure.DataModel", "..\MdsInfrastructure.DataModel\MdsInfrastructure.DataModel.csproj", "{A352BAEC-D2B1-46B7-B799-03220A347CBD}"
EndProject
Project("{9A19103F-16F7-4668-BE54-9A1E7A4F7556}") = "MdsInfrastructure.Db", "..\MdsInfrastructure.Db\MdsInfrastructure.Db.csproj", "{C06A9E7F-8239-4FB3-B9E1-CA19190E238B}"
EndProject
Project("{9A19103F-16F7-4668-BE54-9A1E7A4F7556}") = "MdsInfrastructure.Flow", "..\MdsInfrastructure.Flow\MdsInfrastructure.Flow.csproj", "{3E88ED80-F6AD-4AEE-824E-3092D1C6330F}"
EndProject
Project("{9A19103F-16F7-4668-BE54-9A1E7A4F7556}") = "MdsInfrastructure.Render", "..\MdsInfrastructure.Render\MdsInfrastructure.Render.csproj", "{F5986BF6-2660-4852-98CF-DB43FE384643}"
EndProject
Project("{9A19103F-16F7-4668-BE54-9A1E7A4F7556}") = "MdsLocal", "..\MdsLocal\MdsLocal.csproj", "{651345CC-84DA-426F-B70D-A8519B36E0EA}"
EndProject
Project("{9A19103F-16F7-4668-BE54-9A1E7A4F7556}") = "MdsLocal.DataModel", "..\MdsLocal.DataModel\MdsLocal.DataModel.csproj", "{3740208D-A9A6-46FF-8709-6F31F2BBC4B0}"
EndProject
Project("{9A19103F-16F7-4668-BE54-9A1E7A4F7556}") = "MdsLocal.Render", "..\MdsLocal.Render\MdsLocal.Render.csproj", "{3C3273B8-8A43-4574-9076-F122FA3E7DA7}"
EndProject
Project("{9A19103F-16F7-4668-BE54-9A1E7A4F7556}") = "MdsTestScenario", "..\MdsTestScenario\MdsTestScenario.csproj", "{E893EB9D-B764-45AF-976D-742CA7F1B64B}"
EndProject
Global
	GlobalSection(SolutionConfigurationPlatforms) = preSolution
		Debug|Any CPU = Debug|Any CPU
		Release|Any CPU = Release|Any CPU
	EndGlobalSection
	GlobalSection(ProjectConfigurationPlatforms) = postSolution
		{3CE710F6-5349-4123-979B-E7FEFA88D3CE}.Debug|Any CPU.ActiveCfg = Debug|Any CPU
		{3CE710F6-5349-4123-979B-E7FEFA88D3CE}.Debug|Any CPU.Build.0 = Debug|Any CPU
		{3CE710F6-5349-4123-979B-E7FEFA88D3CE}.Release|Any CPU.ActiveCfg = Release|Any CPU
		{3CE710F6-5349-4123-979B-E7FEFA88D3CE}.Release|Any CPU.Build.0 = Release|Any CPU
		{D0630837-4896-4FCB-88BC-52E8A6CD2FCC}.Debug|Any CPU.ActiveCfg = Debug|Any CPU
		{D0630837-4896-4FCB-88BC-52E8A6CD2FCC}.Debug|Any CPU.Build.0 = Debug|Any CPU
		{D0630837-4896-4FCB-88BC-52E8A6CD2FCC}.Release|Any CPU.ActiveCfg = Release|Any CPU
		{D0630837-4896-4FCB-88BC-52E8A6CD2FCC}.Release|Any CPU.Build.0 = Release|Any CPU
		{727E071D-1601-465C-8C8E-63CEACF658BE}.Debug|Any CPU.ActiveCfg = Debug|Any CPU
		{727E071D-1601-465C-8C8E-63CEACF658BE}.Debug|Any CPU.Build.0 = Debug|Any CPU
		{727E071D-1601-465C-8C8E-63CEACF658BE}.Release|Any CPU.ActiveCfg = Release|Any CPU
		{727E071D-1601-465C-8C8E-63CEACF658BE}.Release|Any CPU.Build.0 = Release|Any CPU
		{59174D6D-C572-4912-A8E6-B4319858CCB9}.Debug|Any CPU.ActiveCfg = Debug|Any CPU
		{59174D6D-C572-4912-A8E6-B4319858CCB9}.Debug|Any CPU.Build.0 = Debug|Any CPU
		{59174D6D-C572-4912-A8E6-B4319858CCB9}.Release|Any CPU.ActiveCfg = Release|Any CPU
		{59174D6D-C572-4912-A8E6-B4319858CCB9}.Release|Any CPU.Build.0 = Release|Any CPU
		{7D0BF65B-B6B5-400D-BF55-756059C3BA96}.Debug|Any CPU.ActiveCfg = Debug|Any CPU
		{7D0BF65B-B6B5-400D-BF55-756059C3BA96}.Debug|Any CPU.Build.0 = Debug|Any CPU
		{7D0BF65B-B6B5-400D-BF55-756059C3BA96}.Release|Any CPU.ActiveCfg = Release|Any CPU
		{7D0BF65B-B6B5-400D-BF55-756059C3BA96}.Release|Any CPU.Build.0 = Release|Any CPU
		{567ED707-EDBF-4409-9A9A-7440D8DC803F}.Debug|Any CPU.ActiveCfg = Debug|Any CPU
		{567ED707-EDBF-4409-9A9A-7440D8DC803F}.Debug|Any CPU.Build.0 = Debug|Any CPU
		{567ED707-EDBF-4409-9A9A-7440D8DC803F}.Release|Any CPU.ActiveCfg = Release|Any CPU
		{567ED707-EDBF-4409-9A9A-7440D8DC803F}.Release|Any CPU.Build.0 = Release|Any CPU
		{ECD3C0E3-D52F-4EBB-ADCC-10F2F733D7A5}.Debug|Any CPU.ActiveCfg = Debug|Any CPU
		{ECD3C0E3-D52F-4EBB-ADCC-10F2F733D7A5}.Debug|Any CPU.Build.0 = Debug|Any CPU
		{ECD3C0E3-D52F-4EBB-ADCC-10F2F733D7A5}.Release|Any CPU.ActiveCfg = Release|Any CPU
		{ECD3C0E3-D52F-4EBB-ADCC-10F2F733D7A5}.Release|Any CPU.Build.0 = Release|Any CPU
		{A352BAEC-D2B1-46B7-B799-03220A347CBD}.Debug|Any CPU.ActiveCfg = Debug|Any CPU
		{A352BAEC-D2B1-46B7-B799-03220A347CBD}.Debug|Any CPU.Build.0 = Debug|Any CPU
		{A352BAEC-D2B1-46B7-B799-03220A347CBD}.Release|Any CPU.ActiveCfg = Release|Any CPU
		{A352BAEC-D2B1-46B7-B799-03220A347CBD}.Release|Any CPU.Build.0 = Release|Any CPU
		{C06A9E7F-8239-4FB3-B9E1-CA19190E238B}.Debug|Any CPU.ActiveCfg = Debug|Any CPU
		{C06A9E7F-8239-4FB3-B9E1-CA19190E238B}.Debug|Any CPU.Build.0 = Debug|Any CPU
		{C06A9E7F-8239-4FB3-B9E1-CA19190E238B}.Release|Any CPU.ActiveCfg = Release|Any CPU
		{C06A9E7F-8239-4FB3-B9E1-CA19190E238B}.Release|Any CPU.Build.0 = Release|Any CPU
		{3E88ED80-F6AD-4AEE-824E-3092D1C6330F}.Debug|Any CPU.ActiveCfg = Debug|Any CPU
		{3E88ED80-F6AD-4AEE-824E-3092D1C6330F}.Debug|Any CPU.Build.0 = Debug|Any CPU
		{3E88ED80-F6AD-4AEE-824E-3092D1C6330F}.Release|Any CPU.ActiveCfg = Release|Any CPU
		{3E88ED80-F6AD-4AEE-824E-3092D1C6330F}.Release|Any CPU.Build.0 = Release|Any CPU
		{F5986BF6-2660-4852-98CF-DB43FE384643}.Debug|Any CPU.ActiveCfg = Debug|Any CPU
		{F5986BF6-2660-4852-98CF-DB43FE384643}.Debug|Any CPU.Build.0 = Debug|Any CPU
		{F5986BF6-2660-4852-98CF-DB43FE384643}.Release|Any CPU.ActiveCfg = Release|Any CPU
		{F5986BF6-2660-4852-98CF-DB43FE384643}.Release|Any CPU.Build.0 = Release|Any CPU
		{651345CC-84DA-426F-B70D-A8519B36E0EA}.Debug|Any CPU.ActiveCfg = Debug|Any CPU
		{651345CC-84DA-426F-B70D-A8519B36E0EA}.Debug|Any CPU.Build.0 = Debug|Any CPU
		{651345CC-84DA-426F-B70D-A8519B36E0EA}.Release|Any CPU.ActiveCfg = Release|Any CPU
		{651345CC-84DA-426F-B70D-A8519B36E0EA}.Release|Any CPU.Build.0 = Release|Any CPU
		{3740208D-A9A6-46FF-8709-6F31F2BBC4B0}.Debug|Any CPU.ActiveCfg = Debug|Any CPU
		{3740208D-A9A6-46FF-8709-6F31F2BBC4B0}.Debug|Any CPU.Build.0 = Debug|Any CPU
		{3740208D-A9A6-46FF-8709-6F31F2BBC4B0}.Release|Any CPU.ActiveCfg = Release|Any CPU
		{3740208D-A9A6-46FF-8709-6F31F2BBC4B0}.Release|Any CPU.Build.0 = Release|Any CPU
		{3C3273B8-8A43-4574-9076-F122FA3E7DA7}.Debug|Any CPU.ActiveCfg = Debug|Any CPU
		{3C3273B8-8A43-4574-9076-F122FA3E7DA7}.Debug|Any CPU.Build.0 = Debug|Any CPU
		{3C3273B8-8A43-4574-9076-F122FA3E7DA7}.Release|Any CPU.ActiveCfg = Release|Any CPU
		{3C3273B8-8A43-4574-9076-F122FA3E7DA7}.Release|Any CPU.Build.0 = Release|Any CPU
		{E893EB9D-B764-45AF-976D-742CA7F1B64B}.Debug|Any CPU.ActiveCfg = Debug|Any CPU
		{E893EB9D-B764-45AF-976D-742CA7F1B64B}.Debug|Any CPU.Build.0 = Debug|Any CPU
		{E893EB9D-B764-45AF-976D-742CA7F1B64B}.Release|Any CPU.ActiveCfg = Release|Any CPU
		{E893EB9D-B764-45AF-976D-742CA7F1B64B}.Release|Any CPU.Build.0 = Release|Any CPU
	EndGlobalSection
	GlobalSection(SolutionProperties) = preSolution
		HideSolutionNode = FALSE
	EndGlobalSection
	GlobalSection(ExtensibilityGlobals) = postSolution
		SolutionGuid = {328A2078-F045-470C-BACC-AB9F883B534A}
	EndGlobalSection
EndGlobal
